{
  "name": "es6x3d",
  "lockfileVersion": 3,
  "requires": true,
  "packages": {
    "": {
      "dependencies": {
        "@xmldom/xmldom": ">=0.8.13",
        "sax-parser": "^2.0.1"
      }
    },
    "node_modules/@xmldom/xmldom": {
      "version": "0.8.13",
      "resolved": "https://registry.npmjs.org/@xmldom/xmldom/-/xmldom-0.8.13.tgz",
      "integrity": "sha512-KRYzxepc14G/CEpEGc3Yn+JKaAeT63smlDr+vjB8jRfgTBBI9wRj/nkQEO+ucV8p8I9bfKLWp37uHgFrbntPvw==",
      "license": "MIT",
      "engines": {
        "node": ">=10.0.0"
      }
    },
    "node_modules/sax-parser": {
      "version": "2.0.2",
      "resolved": "https://registry.npmjs.org/sax-parser/-/sax-parser-2.0.2.tgz",
      "integrity": "sha512-EjLxlFjZdmv/cpOwV+klYEeOYjR2Dc9C495d2Ruk+N6xknrOnIfjSum2a63hfi9Vox2fCsjYc3NuDVo0YkGpjg=="
    }
  }
}
