{
  "name": "es6x3d",
  "lockfileVersion": 3,
  "requires": true,
  "packages": {
    "": {
      "dependencies": {
        "@xmldom/xmldom": "0.9.10",
        "sax-parser": "^2.0.1"
      }
    },
    "node_modules/@xmldom/xmldom": {
      "version": "0.9.10",
      "resolved": "https://registry.npmjs.org/@xmldom/xmldom/-/xmldom-0.9.10.tgz",
      "integrity": "sha512-A9gOqLdi6cV4ibazAjcQufGj0B1y/vDqYrcuP6d/6x8P27gRS8643Dj9o1dEKtB6O7fwxb2FgBmJS2mX7gpvdw==",
      "license": "MIT",
      "engines": {
        "node": ">=14.6"
      }
    },
    "node_modules/sax-parser": {
      "version": "2.0.3",
      "resolved": "https://registry.npmjs.org/sax-parser/-/sax-parser-2.0.3.tgz",
      "integrity": "sha512-Yk/ZwKgetWdW6AD872xuo1TBMnXZfnAeM6J4DwUTJHm9omFszzNNc1soU1+5EoSFs9kfgWBhr4Y5dfpIDQTXOA==",
      "license": "MIT"
    }
  }
}
