{
  "name": "es6x3d",
  "lockfileVersion": 2,
  "requires": true,
  "packages": {
    "": {
      "dependencies": {
        "@xmldom/xmldom": ">=0.7.6",
        "sax-parser": "^2.0.1"
      }
    },
    "node_modules/@xmldom/xmldom": {
      "version": "0.7.6",
      "resolved": "https://registry.npmjs.org/@xmldom/xmldom/-/xmldom-0.7.6.tgz",
      "integrity": "sha512-HHXP9hskkFQHy8QxxUXkS7946FFIhYVfGqsk0WLwllmexN9x/+R4UBLvurHEuyXRfVEObVR8APuQehykLviwSQ==",
      "engines": {
        "node": ">=10.0.0"
      }
    },
    "node_modules/sax-parser": {
      "version": "2.0.1",
      "resolved": "https://registry.npmjs.org/sax-parser/-/sax-parser-2.0.1.tgz",
      "integrity": "sha512-hSYyyEWCZ5adMeoiMzyv15iExwf+pqc4xwtzMk5G5BgO3jhrgPSHql85GZOwJ1acKqT7IYj5vrGD3N9m0vRA7g=="
    }
  },
  "dependencies": {
    "@xmldom/xmldom": {
      "version": "0.7.6",
      "resolved": "https://registry.npmjs.org/@xmldom/xmldom/-/xmldom-0.7.6.tgz",
      "integrity": "sha512-HHXP9hskkFQHy8QxxUXkS7946FFIhYVfGqsk0WLwllmexN9x/+R4UBLvurHEuyXRfVEObVR8APuQehykLviwSQ=="
    },
    "sax-parser": {
      "version": "2.0.1",
      "resolved": "https://registry.npmjs.org/sax-parser/-/sax-parser-2.0.1.tgz",
      "integrity": "sha512-hSYyyEWCZ5adMeoiMzyv15iExwf+pqc4xwtzMk5G5BgO3jhrgPSHql85GZOwJ1acKqT7IYj5vrGD3N9m0vRA7g=="
    }
  }
}
